
Microsoft Visual Studio Solution File, Format Version 12.00
# Visual Studio 15
VisualStudioVersion = 15.0.28307.421
MinimumVisualStudioVersion = 10.0.40219.1
Project("{FAE04EC0-301F-11D3-BF4B-00C04F79EFBC}") = "GB_Kabalkin_CSharp_Level2", "GB_Kabalkin_CSharp_Level2\GB_Kabalkin_CSharp_Level2.csproj", "{78BEBDB1-1D17-41B5-BD30-9F5752B4F0E0}"
EndProject
Global
	GlobalSection(SolutionConfigurationPlatforms) = preSolution
		Debug|Any CPU = Debug|Any CPU
		Release|Any CPU = Release|Any CPU
	EndGlobalSection
	GlobalSection(ProjectConfigurationPlatforms) = postSolution
		{78BEBDB1-1D17-41B5-BD30-9F5752B4F0E0}.Debug|Any CPU.ActiveCfg = Debug|Any CPU
		{78BEBDB1-1D17-41B5-BD30-9F5752B4F0E0}.Debug|Any CPU.Build.0 = Debug|Any CPU
		{78BEBDB1-1D17-41B5-BD30-9F5752B4F0E0}.Release|Any CPU.ActiveCfg = Release|Any CPU
		{78BEBDB1-1D17-41B5-BD30-9F5752B4F0E0}.Release|Any CPU.Build.0 = Release|Any CPU
	EndGlobalSection
	GlobalSection(SolutionProperties) = preSolution
		HideSolutionNode = FALSE
	EndGlobalSection
	GlobalSection(ExtensibilityGlobals) = postSolution
		SolutionGuid = {5EE47FE7-C11E-4C30-914C-4C542340D949}
	EndGlobalSection
EndGlobal
